
Microsoft Visual Studio Solution File, Format Version 12.00
# Visual Studio Version 17
VisualStudioVersion = 17.9.34616.47
MinimumVisualStudioVersion = 10.0.40219.1
Project("{9A19103F-16F7-4668-BE54-9A1E7A4F7556}") = "Clinic.API", "src\Clinic.API\Clinic.API.csproj", "{5015B6CB-0DBC-4A20-BADB-04CF932383A1}"
EndProject
Project("{9A19103F-16F7-4668-BE54-9A1E7A4F7556}") = "Clinic.BLL", "src\Clinic.BLL\Clinic.BLL.csproj", "{86153CD3-D6B5-49A2-877A-6CE0E39FBD91}"
EndProject
Project("{9A19103F-16F7-4668-BE54-9A1E7A4F7556}") = "Clinic.DAL", "src\Clinic.DAL\Clinic.DAL.csproj", "{89B45817-7D31-40C1-9355-E5809D57E24F}"
EndProject
Global
	GlobalSection(SolutionConfigurationPlatforms) = preSolution
		Debug|Any CPU = Debug|Any CPU
		Release|Any CPU = Release|Any CPU
	EndGlobalSection
	GlobalSection(ProjectConfigurationPlatforms) = postSolution
		{5015B6CB-0DBC-4A20-BADB-04CF932383A1}.Debug|Any CPU.ActiveCfg = Debug|Any CPU
		{5015B6CB-0DBC-4A20-BADB-04CF932383A1}.Debug|Any CPU.Build.0 = Debug|Any CPU
		{5015B6CB-0DBC-4A20-BADB-04CF932383A1}.Release|Any CPU.ActiveCfg = Release|Any CPU
		{5015B6CB-0DBC-4A20-BADB-04CF932383A1}.Release|Any CPU.Build.0 = Release|Any CPU
		{86153CD3-D6B5-49A2-877A-6CE0E39FBD91}.Debug|Any CPU.ActiveCfg = Debug|Any CPU
		{86153CD3-D6B5-49A2-877A-6CE0E39FBD91}.Debug|Any CPU.Build.0 = Debug|Any CPU
		{86153CD3-D6B5-49A2-877A-6CE0E39FBD91}.Release|Any CPU.ActiveCfg = Release|Any CPU
		{86153CD3-D6B5-49A2-877A-6CE0E39FBD91}.Release|Any CPU.Build.0 = Release|Any CPU
		{89B45817-7D31-40C1-9355-E5809D57E24F}.Debug|Any CPU.ActiveCfg = Debug|Any CPU
		{89B45817-7D31-40C1-9355-E5809D57E24F}.Debug|Any CPU.Build.0 = Debug|Any CPU
		{89B45817-7D31-40C1-9355-E5809D57E24F}.Release|Any CPU.ActiveCfg = Release|Any CPU
		{89B45817-7D31-40C1-9355-E5809D57E24F}.Release|Any CPU.Build.0 = Release|Any CPU
	EndGlobalSection
	GlobalSection(SolutionProperties) = preSolution
		HideSolutionNode = FALSE
	EndGlobalSection
	GlobalSection(ExtensibilityGlobals) = postSolution
		SolutionGuid = {2210C53B-E0EE-4AE4-805B-3DA92A0BCEE4}
	EndGlobalSection
EndGlobal
