
Microsoft Visual Studio Solution File, Format Version 12.00
# Visual Studio Version 17
VisualStudioVersion = 17.9.34616.47
MinimumVisualStudioVersion = 10.0.40219.1
Project("{9A19103F-16F7-4668-BE54-9A1E7A4F7556}") = "Clinic.API", "src\Clinic.API\Clinic.API.csproj", "{5015B6CB-0DBC-4A20-BADB-04CF932383A1}"
EndProject
Project("{9A19103F-16F7-4668-BE54-9A1E7A4F7556}") = "Clinic.BLL", "src\Clinic.BLL\Clinic.BLL.csproj", "{86153CD3-D6B5-49A2-877A-6CE0E39FBD91}"
EndProject
Project("{9A19103F-16F7-4668-BE54-9A1E7A4F7556}") = "Clinic.DAL", "src\Clinic.DAL\Clinic.DAL.csproj", "{89B45817-7D31-40C1-9355-E5809D57E24F}"
EndProject
Project("{9A19103F-16F7-4668-BE54-9A1E7A4F7556}") = "Clinic.UnitTests", "tests\Clinic.UnitTests\Clinic.UnitTests.csproj", "{88D242F1-A305-46DD-8442-5A2F4A7B8E8C}"
EndProject
Project("{9A19103F-16F7-4668-BE54-9A1E7A4F7556}") = "Clinic.IntegrationTests", "tests\Clinic.IntegrationTests\Clinic.IntegrationTests.csproj", "{DCA9970F-21EC-4074-944D-20DDF908AE59}"
EndProject
Project("{54A90642-561A-4BB1-A94E-469ADEE60C69}") = "clinic-react-client", "client\clinic-react-client\clinic-react-client.esproj", "{B6AF5178-88E4-418E-AA7B-EA3531BA161A}"
EndProject
Project("{9A19103F-16F7-4668-BE54-9A1E7A4F7556}") = "Notifications.API", "src\Notofications\Notifications.API\Notifications.API.csproj", "{B713DFE5-8019-49C2-BEC7-1A0AA2379323}"
EndProject
Project("{9A19103F-16F7-4668-BE54-9A1E7A4F7556}") = "Notifications.BLL", "src\Notofications\Notifications.BLL\Notifications.BLL.csproj", "{6F57AA9D-37C9-4457-9A6A-801E4031B0AF}"
EndProject
Project("{9A19103F-16F7-4668-BE54-9A1E7A4F7556}") = "Profiles.API", "src\Profiles\Profiles.API\Profiles.API.csproj", "{2B2C9515-4795-40BE-BAB2-AA7BAFBACCE0}"
EndProject
Project("{9A19103F-16F7-4668-BE54-9A1E7A4F7556}") = "Profiles.BLL", "src\Profiles\Profiles.BLL\Profiles.BLL.csproj", "{D9AD826F-2B8F-4B70-B01C-C4D5D60B806A}"
EndProject
Project("{9A19103F-16F7-4668-BE54-9A1E7A4F7556}") = "Profiles.DAL", "src\Profiles\Profiles.DAL\Profiles.DAL.csproj", "{2D73B154-4B02-49B9-8EA0-350AA514BD80}"
EndProject
Project("{FAE04EC0-301F-11D3-BF4B-00C04F79EFBC}") = "StandartCRUD", "common\StandartCRUD\StandartCRUD.csproj", "{C1CF5148-CD3F-4EE2-807E-A2F0EF19271C}"
EndProject
Global
	GlobalSection(SolutionConfigurationPlatforms) = preSolution
		Debug|Any CPU = Debug|Any CPU
		Release|Any CPU = Release|Any CPU
	EndGlobalSection
	GlobalSection(ProjectConfigurationPlatforms) = postSolution
		{5015B6CB-0DBC-4A20-BADB-04CF932383A1}.Debug|Any CPU.ActiveCfg = Debug|Any CPU
		{5015B6CB-0DBC-4A20-BADB-04CF932383A1}.Debug|Any CPU.Build.0 = Debug|Any CPU
		{5015B6CB-0DBC-4A20-BADB-04CF932383A1}.Release|Any CPU.ActiveCfg = Release|Any CPU
		{5015B6CB-0DBC-4A20-BADB-04CF932383A1}.Release|Any CPU.Build.0 = Release|Any CPU
		{86153CD3-D6B5-49A2-877A-6CE0E39FBD91}.Debug|Any CPU.ActiveCfg = Debug|Any CPU
		{86153CD3-D6B5-49A2-877A-6CE0E39FBD91}.Debug|Any CPU.Build.0 = Debug|Any CPU
		{86153CD3-D6B5-49A2-877A-6CE0E39FBD91}.Release|Any CPU.ActiveCfg = Release|Any CPU
		{86153CD3-D6B5-49A2-877A-6CE0E39FBD91}.Release|Any CPU.Build.0 = Release|Any CPU
		{89B45817-7D31-40C1-9355-E5809D57E24F}.Debug|Any CPU.ActiveCfg = Debug|Any CPU
		{89B45817-7D31-40C1-9355-E5809D57E24F}.Debug|Any CPU.Build.0 = Debug|Any CPU
		{89B45817-7D31-40C1-9355-E5809D57E24F}.Release|Any CPU.ActiveCfg = Release|Any CPU
		{89B45817-7D31-40C1-9355-E5809D57E24F}.Release|Any CPU.Build.0 = Release|Any CPU
		{88D242F1-A305-46DD-8442-5A2F4A7B8E8C}.Debug|Any CPU.ActiveCfg = Debug|Any CPU
		{88D242F1-A305-46DD-8442-5A2F4A7B8E8C}.Debug|Any CPU.Build.0 = Debug|Any CPU
		{88D242F1-A305-46DD-8442-5A2F4A7B8E8C}.Release|Any CPU.ActiveCfg = Release|Any CPU
		{88D242F1-A305-46DD-8442-5A2F4A7B8E8C}.Release|Any CPU.Build.0 = Release|Any CPU
		{DCA9970F-21EC-4074-944D-20DDF908AE59}.Debug|Any CPU.ActiveCfg = Debug|Any CPU
		{DCA9970F-21EC-4074-944D-20DDF908AE59}.Debug|Any CPU.Build.0 = Debug|Any CPU
		{DCA9970F-21EC-4074-944D-20DDF908AE59}.Release|Any CPU.ActiveCfg = Release|Any CPU
		{DCA9970F-21EC-4074-944D-20DDF908AE59}.Release|Any CPU.Build.0 = Release|Any CPU
		{B6AF5178-88E4-418E-AA7B-EA3531BA161A}.Debug|Any CPU.ActiveCfg = Debug|Any CPU
		{B6AF5178-88E4-418E-AA7B-EA3531BA161A}.Debug|Any CPU.Build.0 = Debug|Any CPU
		{B6AF5178-88E4-418E-AA7B-EA3531BA161A}.Debug|Any CPU.Deploy.0 = Debug|Any CPU
		{B6AF5178-88E4-418E-AA7B-EA3531BA161A}.Release|Any CPU.ActiveCfg = Release|Any CPU
		{B6AF5178-88E4-418E-AA7B-EA3531BA161A}.Release|Any CPU.Build.0 = Release|Any CPU
		{B6AF5178-88E4-418E-AA7B-EA3531BA161A}.Release|Any CPU.Deploy.0 = Release|Any CPU
		{B713DFE5-8019-49C2-BEC7-1A0AA2379323}.Debug|Any CPU.ActiveCfg = Debug|Any CPU
		{B713DFE5-8019-49C2-BEC7-1A0AA2379323}.Debug|Any CPU.Build.0 = Debug|Any CPU
		{B713DFE5-8019-49C2-BEC7-1A0AA2379323}.Release|Any CPU.ActiveCfg = Release|Any CPU
		{B713DFE5-8019-49C2-BEC7-1A0AA2379323}.Release|Any CPU.Build.0 = Release|Any CPU
		{6F57AA9D-37C9-4457-9A6A-801E4031B0AF}.Debug|Any CPU.ActiveCfg = Debug|Any CPU
		{6F57AA9D-37C9-4457-9A6A-801E4031B0AF}.Debug|Any CPU.Build.0 = Debug|Any CPU
		{6F57AA9D-37C9-4457-9A6A-801E4031B0AF}.Release|Any CPU.ActiveCfg = Release|Any CPU
		{6F57AA9D-37C9-4457-9A6A-801E4031B0AF}.Release|Any CPU.Build.0 = Release|Any CPU
		{2B2C9515-4795-40BE-BAB2-AA7BAFBACCE0}.Debug|Any CPU.ActiveCfg = Debug|Any CPU
		{2B2C9515-4795-40BE-BAB2-AA7BAFBACCE0}.Debug|Any CPU.Build.0 = Debug|Any CPU
		{2B2C9515-4795-40BE-BAB2-AA7BAFBACCE0}.Release|Any CPU.ActiveCfg = Release|Any CPU
		{2B2C9515-4795-40BE-BAB2-AA7BAFBACCE0}.Release|Any CPU.Build.0 = Release|Any CPU
		{D9AD826F-2B8F-4B70-B01C-C4D5D60B806A}.Debug|Any CPU.ActiveCfg = Debug|Any CPU
		{D9AD826F-2B8F-4B70-B01C-C4D5D60B806A}.Debug|Any CPU.Build.0 = Debug|Any CPU
		{D9AD826F-2B8F-4B70-B01C-C4D5D60B806A}.Release|Any CPU.ActiveCfg = Release|Any CPU
		{D9AD826F-2B8F-4B70-B01C-C4D5D60B806A}.Release|Any CPU.Build.0 = Release|Any CPU
		{2D73B154-4B02-49B9-8EA0-350AA514BD80}.Debug|Any CPU.ActiveCfg = Debug|Any CPU
		{2D73B154-4B02-49B9-8EA0-350AA514BD80}.Debug|Any CPU.Build.0 = Debug|Any CPU
		{2D73B154-4B02-49B9-8EA0-350AA514BD80}.Release|Any CPU.ActiveCfg = Release|Any CPU
		{2D73B154-4B02-49B9-8EA0-350AA514BD80}.Release|Any CPU.Build.0 = Release|Any CPU
		{C1CF5148-CD3F-4EE2-807E-A2F0EF19271C}.Debug|Any CPU.ActiveCfg = Debug|Any CPU
		{C1CF5148-CD3F-4EE2-807E-A2F0EF19271C}.Debug|Any CPU.Build.0 = Debug|Any CPU
		{C1CF5148-CD3F-4EE2-807E-A2F0EF19271C}.Release|Any CPU.ActiveCfg = Release|Any CPU
		{C1CF5148-CD3F-4EE2-807E-A2F0EF19271C}.Release|Any CPU.Build.0 = Release|Any CPU
	EndGlobalSection
	GlobalSection(SolutionProperties) = preSolution
		HideSolutionNode = FALSE
	EndGlobalSection
	GlobalSection(ExtensibilityGlobals) = postSolution
		SolutionGuid = {2210C53B-E0EE-4AE4-805B-3DA92A0BCEE4}
	EndGlobalSection
EndGlobal
