
Microsoft Visual Studio Solution File, Format Version 12.00
# Visual Studio Version 17
VisualStudioVersion = 17.5.002.0
MinimumVisualStudioVersion = 10.0.40219.1
Project("{9A19103F-16F7-4668-BE54-9A1E7A4F7556}") = "Gateway.API", "Gateway.API.csproj", "{F7531B7B-9AEE-4549-8106-E296C24E6604}"
EndProject
Global
	GlobalSection(SolutionConfigurationPlatforms) = preSolution
		Debug|Any CPU = Debug|Any CPU
		Release|Any CPU = Release|Any CPU
	EndGlobalSection
	GlobalSection(ProjectConfigurationPlatforms) = postSolution
		{F7531B7B-9AEE-4549-8106-E296C24E6604}.Debug|Any CPU.ActiveCfg = Debug|Any CPU
		{F7531B7B-9AEE-4549-8106-E296C24E6604}.Debug|Any CPU.Build.0 = Debug|Any CPU
		{F7531B7B-9AEE-4549-8106-E296C24E6604}.Release|Any CPU.ActiveCfg = Release|Any CPU
		{F7531B7B-9AEE-4549-8106-E296C24E6604}.Release|Any CPU.Build.0 = Release|Any CPU
	EndGlobalSection
	GlobalSection(SolutionProperties) = preSolution
		HideSolutionNode = FALSE
	EndGlobalSection
	GlobalSection(ExtensibilityGlobals) = postSolution
		SolutionGuid = {6A1B17C1-6EED-4E85-BAD5-2A36A6C94BBE}
	EndGlobalSection
EndGlobal
